// !$*UTF8*$!
{
	archiveVersion = 1;
	classes = {
	};
	objectVersion = 50;
	objects = {

/* Begin PBXBuildFile section */
		B84ACE2C27AAD8B700B98679 /* AppDelegate.swift in Sources */ = {isa = PBXBuildFile; fileRef = B84ACE2B27AAD8B700B98679 /* AppDelegate.swift */; };
		B84ACE2E27AAD8B700B98679 /* SceneDelegate.swift in Sources */ = {isa = PBXBuildFile; fileRef = B84ACE2D27AAD8B700B98679 /* SceneDelegate.swift */; };
		B84ACE3027AAD8B700B98679 /* ViewController.swift in Sources */ = {isa = PBXBuildFile; fileRef = B84ACE2F27AAD8B700B98679 /* ViewController.swift */; };
		B84ACE3327AAD8B700B98679 /* Main.storyboard in Resources */ = {isa = PBXBuildFile; fileRef = B84ACE3127AAD8B700B98679 /* Main.storyboard */; };
		B84ACE3527AAD8BA00B98679 /* Assets.xcassets in Resources */ = {isa = PBXBuildFile; fileRef = B84ACE3427AAD8BA00B98679 /* Assets.xcassets */; };
		B84ACE3827AAD8BA00B98679 /* LaunchScreen.storyboard in Resources */ = {isa = PBXBuildFile; fileRef = B84ACE3627AAD8BA00B98679 /* LaunchScreen.storyboard */; };
		B84ACE4327AAD8BA00B98679 /* SimpsonBookTests.swift in Sources */ = {isa = PBXBuildFile; fileRef = B84ACE4227AAD8BA00B98679 /* SimpsonBookTests.swift */; };
		B84ACE4E27AAD8BA00B98679 /* SimpsonBookUITests.swift in Sources */ = {isa = PBXBuildFile; fileRef = B84ACE4D27AAD8BA00B98679 /* SimpsonBookUITests.swift */; };
		B84ACE5E27AADB8B00B98679 /* detailsVC.swift in Sources */ = {isa = PBXBuildFile; fileRef = B84ACE5D27AADB8B00B98679 /* detailsVC.swift */; };
		B84ACE6027AAE2A600B98679 /* Simpson.swift in Sources */ = {isa = PBXBuildFile; fileRef = B84ACE5F27AAE2A600B98679 /* Simpson.swift */; };
/* End PBXBuildFile section */

/* Begin PBXContainerItemProxy section */
		B84ACE3F27AAD8BA00B98679 /* PBXContainerItemProxy */ = {
			isa = PBXContainerItemProxy;
			containerPortal = B84ACE2027AAD8B700B98679 /* Project object */;
			proxyType = 1;
			remoteGlobalIDString = B84ACE2727AAD8B700B98679;
			remoteInfo = SimpsonBook;
		};
		B84ACE4A27AAD8BA00B98679 /* PBXContainerItemProxy */ = {
			isa = PBXContainerItemProxy;
			containerPortal = B84ACE2027AAD8B700B98679 /* Project object */;
			proxyType = 1;
			remoteGlobalIDString = B84ACE2727AAD8B700B98679;
			remoteInfo = SimpsonBook;
		};
/* End PBXContainerItemProxy section */

/* Begin PBXFileReference section */
		B84ACE2827AAD8B700B98679 /* SimpsonBook.app */ = {isa = PBXFileReference; explicitFileType = wrapper.application; includeInIndex = 0; path = SimpsonBook.app; sourceTree = BUILT_PRODUCTS_DIR; };
		B84ACE2B27AAD8B700B98679 /* AppDelegate.swift */ = {isa = PBXFileReference; lastKnownFileType = sourcecode.swift; path = AppDelegate.swift; sourceTree = "<group>"; };
		B84ACE2D27AAD8B700B98679 /* SceneDelegate.swift */ = {isa = PBXFileReference; lastKnownFileType = sourcecode.swift; path = SceneDelegate.swift; sourceTree = "<group>"; };
		B84ACE2F27AAD8B700B98679 /* ViewController.swift */ = {isa = PBXFileReference; lastKnownFileType = sourcecode.swift; path = ViewController.swift; sourceTree = "<group>"; };
		B84ACE3227AAD8B700B98679 /* Base */ = {isa = PBXFileReference; lastKnownFileType = file.storyboard; name = Base; path = Base.lproj/Main.storyboard; sourceTree = "<group>"; };
		B84ACE3427AAD8BA00B98679 /* Assets.xcassets */ = {isa = PBXFileReference; lastKnownFileType = folder.assetcatalog; path = Assets.xcassets; sourceTree = "<group>"; };
		B84ACE3727AAD8BA00B98679 /* Base */ = {isa = PBXFileReference; lastKnownFileType = file.storyboard; name = Base; path = Base.lproj/LaunchScreen.storyboard; sourceTree = "<group>"; };
		B84ACE3927AAD8BA00B98679 /* Info.plist */ = {isa = PBXFileReference; lastKnownFileType = text.plist.xml; path = Info.plist; sourceTree = "<group>"; };
		B84ACE3E27AAD8BA00B98679 /* SimpsonBookTests.xctest */ = {isa = PBXFileReference; explicitFileType = wrapper.cfbundle; includeInIndex = 0; path = SimpsonBookTests.xctest; sourceTree = BUILT_PRODUCTS_DIR; };
		B84ACE4227AAD8BA00B98679 /* SimpsonBookTests.swift */ = {isa = PBXFileReference; lastKnownFileType = sourcecode.swift; path = SimpsonBookTests.swift; sourceTree = "<group>"; };
		B84ACE4427AAD8BA00B98679 /* Info.plist */ = {isa = PBXFileReference; lastKnownFileType = text.plist.xml; path = Info.plist; sourceTree = "<group>"; };
		B84ACE4927AAD8BA00B98679 /* SimpsonBookUITests.xctest */ = {isa = PBXFileReference; explicitFileType = wrapper.cfbundle; includeInIndex = 0; path = SimpsonBookUITests.xctest; sourceTree = BUILT_PRODUCTS_DIR; };
		B84ACE4D27AAD8BA00B98679 /* SimpsonBookUITests.swift */ = {isa = PBXFileReference; lastKnownFileType = sourcecode.swift; path = SimpsonBookUITests.swift; sourceTree = "<group>"; };
		B84ACE4F27AAD8BA00B98679 /* Info.plist */ = {isa = PBXFileReference; lastKnownFileType = text.plist.xml; path = Info.plist; sourceTree = "<group>"; };
		B84ACE5D27AADB8B00B98679 /* detailsVC.swift */ = {isa = PBXFileReference; lastKnownFileType = sourcecode.swift; path = detailsVC.swift; sourceTree = "<group>"; };
		B84ACE5F27AAE2A600B98679 /* Simpson.swift */ = {isa = PBXFileReference; lastKnownFileType = sourcecode.swift; path = Simpson.swift; sourceTree = "<group>"; };
/* End PBXFileReference section */

/* Begin PBXFrameworksBuildPhase section */
		B84ACE2527AAD8B700B98679 /* Frameworks */ = {
			isa = PBXFrameworksBuildPhase;
			buildActionMask = 2147483647;
			files = (
			);
			runOnlyForDeploymentPostprocessing = 0;
		};
		B84ACE3B27AAD8BA00B98679 /* Frameworks */ = {
			isa = PBXFrameworksBuildPhase;
			buildActionMask = 2147483647;
			files = (
			);
			runOnlyForDeploymentPostprocessing = 0;
		};
		B84ACE4627AAD8BA00B98679 /* Frameworks */ = {
			isa = PBXFrameworksBuildPhase;
			buildActionMask = 2147483647;
			files = (
			);
			runOnlyForDeploymentPostprocessing = 0;
		};
/* End PBXFrameworksBuildPhase section */

/* Begin PBXGroup section */
		B84ACE1F27AAD8B700B98679 = {
			isa = PBXGroup;
			children = (
				B84ACE2A27AAD8B700B98679 /* SimpsonBook */,
				B84ACE4127AAD8BA00B98679 /* SimpsonBookTests */,
				B84ACE4C27AAD8BA00B98679 /* SimpsonBookUITests */,
				B84ACE2927AAD8B700B98679 /* Products */,
			);
			sourceTree = "<group>";
		};
		B84ACE2927AAD8B700B98679 /* Products */ = {
			isa = PBXGroup;
			children = (
				B84ACE2827AAD8B700B98679 /* SimpsonBook.app */,
				B84ACE3E27AAD8BA00B98679 /* SimpsonBookTests.xctest */,
				B84ACE4927AAD8BA00B98679 /* SimpsonBookUITests.xctest */,
			);
			name = Products;
			sourceTree = "<group>";
		};
		B84ACE2A27AAD8B700B98679 /* SimpsonBook */ = {
			isa = PBXGroup;
			children = (
				B84ACE2B27AAD8B700B98679 /* AppDelegate.swift */,
				B84ACE2D27AAD8B700B98679 /* SceneDelegate.swift */,
				B84ACE2F27AAD8B700B98679 /* ViewController.swift */,
				B84ACE5D27AADB8B00B98679 /* detailsVC.swift */,
				B84ACE5F27AAE2A600B98679 /* Simpson.swift */,
				B84ACE3127AAD8B700B98679 /* Main.storyboard */,
				B84ACE3427AAD8BA00B98679 /* Assets.xcassets */,
				B84ACE3627AAD8BA00B98679 /* LaunchScreen.storyboard */,
				B84ACE3927AAD8BA00B98679 /* Info.plist */,
			);
			path = SimpsonBook;
			sourceTree = "<group>";
		};
		B84ACE4127AAD8BA00B98679 /* SimpsonBookTests */ = {
			isa = PBXGroup;
			children = (
				B84ACE4227AAD8BA00B98679 /* SimpsonBookTests.swift */,
				B84ACE4427AAD8BA00B98679 /* Info.plist */,
			);
			path = SimpsonBookTests;
			sourceTree = "<group>";
		};
		B84ACE4C27AAD8BA00B98679 /* SimpsonBookUITests */ = {
			isa = PBXGroup;
			children = (
				B84ACE4D27AAD8BA00B98679 /* SimpsonBookUITests.swift */,
				B84ACE4F27AAD8BA00B98679 /* Info.plist */,
			);
			path = SimpsonBookUITests;
			sourceTree = "<group>";
		};
/* End PBXGroup section */

/* Begin PBXNativeTarget section */
		B84ACE2727AAD8B700B98679 /* SimpsonBook */ = {
			isa = PBXNativeTarget;
			buildConfigurationList = B84ACE5227AAD8BA00B98679 /* Build configuration list for PBXNativeTarget "SimpsonBook" */;
			buildPhases = (
				B84ACE2427AAD8B700B98679 /* Sources */,
				B84ACE2527AAD8B700B98679 /* Frameworks */,
				B84ACE2627AAD8B700B98679 /* Resources */,
			);
			buildRules = (
			);
			dependencies = (
			);
			name = SimpsonBook;
			productName = SimpsonBook;
			productReference = B84ACE2827AAD8B700B98679 /* SimpsonBook.app */;
			productType = "com.apple.product-type.application";
		};
		B84ACE3D27AAD8BA00B98679 /* SimpsonBookTests */ = {
			isa = PBXNativeTarget;
			buildConfigurationList = B84ACE5527AAD8BA00B98679 /* Build configuration list for PBXNativeTarget "SimpsonBookTests" */;
			buildPhases = (
				B84ACE3A27AAD8BA00B98679 /* Sources */,
				B84ACE3B27AAD8BA00B98679 /* Frameworks */,
				B84ACE3C27AAD8BA00B98679 /* Resources */,
			);
			buildRules = (
			);
			dependencies = (
				B84ACE4027AAD8BA00B98679 /* PBXTargetDependency */,
			);
			name = SimpsonBookTests;
			productName = SimpsonBookTests;
			productReference = B84ACE3E27AAD8BA00B98679 /* SimpsonBookTests.xctest */;
			productType = "com.apple.product-type.bundle.unit-test";
		};
		B84ACE4827AAD8BA00B98679 /* SimpsonBookUITests */ = {
			isa = PBXNativeTarget;
			buildConfigurationList = B84ACE5827AAD8BA00B98679 /* Build configuration list for PBXNativeTarget "SimpsonBookUITests" */;
			buildPhases = (
				B84ACE4527AAD8BA00B98679 /* Sources */,
				B84ACE4627AAD8BA00B98679 /* Frameworks */,
				B84ACE4727AAD8BA00B98679 /* Resources */,
			);
			buildRules = (
			);
			dependencies = (
				B84ACE4B27AAD8BA00B98679 /* PBXTargetDependency */,
			);
			name = SimpsonBookUITests;
			productName = SimpsonBookUITests;
			productReference = B84ACE4927AAD8BA00B98679 /* SimpsonBookUITests.xctest */;
			productType = "com.apple.product-type.bundle.ui-testing";
		};
/* End PBXNativeTarget section */

/* Begin PBXProject section */
		B84ACE2027AAD8B700B98679 /* Project object */ = {
			isa = PBXProject;
			attributes = {
				LastSwiftUpdateCheck = 1110;
				LastUpgradeCheck = 1110;
				ORGANIZATIONNAME = MSUBASI;
				TargetAttributes = {
					B84ACE2727AAD8B700B98679 = {
						CreatedOnToolsVersion = 11.1;
					};
					B84ACE3D27AAD8BA00B98679 = {
						CreatedOnToolsVersion = 11.1;
						TestTargetID = B84ACE2727AAD8B700B98679;
					};
					B84ACE4827AAD8BA00B98679 = {
						CreatedOnToolsVersion = 11.1;
						TestTargetID = B84ACE2727AAD8B700B98679;
					};
				};
			};
			buildConfigurationList = B84ACE2327AAD8B700B98679 /* Build configuration list for PBXProject "SimpsonBook" */;
			compatibilityVersion = "Xcode 9.3";
			developmentRegion = en;
			hasScannedForEncodings = 0;
			knownRegions = (
				en,
				Base,
			);
			mainGroup = B84ACE1F27AAD8B700B98679;
			productRefGroup = B84ACE2927AAD8B700B98679 /* Products */;
			projectDirPath = "";
			projectRoot = "";
			targets = (
				B84ACE2727AAD8B700B98679 /* SimpsonBook */,
				B84ACE3D27AAD8BA00B98679 /* SimpsonBookTests */,
				B84ACE4827AAD8BA00B98679 /* SimpsonBookUITests */,
			);
		};
/* End PBXProject section */

/* Begin PBXResourcesBuildPhase section */
		B84ACE2627AAD8B700B98679 /* Resources */ = {
			isa = PBXResourcesBuildPhase;
			buildActionMask = 2147483647;
			files = (
				B84ACE3827AAD8BA00B98679 /* LaunchScreen.storyboard in Resources */,
				B84ACE3527AAD8BA00B98679 /* Assets.xcassets in Resources */,
				B84ACE3327AAD8B700B98679 /* Main.storyboard in Resources */,
			);
			runOnlyForDeploymentPostprocessing = 0;
		};
		B84ACE3C27AAD8BA00B98679 /* Resources */ = {
			isa = PBXResourcesBuildPhase;
			buildActionMask = 2147483647;
			files = (
			);
			runOnlyForDeploymentPostprocessing = 0;
		};
		B84ACE4727AAD8BA00B98679 /* Resources */ = {
			isa = PBXResourcesBuildPhase;
			buildActionMask = 2147483647;
			files = (
			);
			runOnlyForDeploymentPostprocessing = 0;
		};
/* End PBXResourcesBuildPhase section */

/* Begin PBXSourcesBuildPhase section */
		B84ACE2427AAD8B700B98679 /* Sources */ = {
			isa = PBXSourcesBuildPhase;
			buildActionMask = 2147483647;
			files = (
				B84ACE3027AAD8B700B98679 /* ViewController.swift in Sources */,
				B84ACE5E27AADB8B00B98679 /* detailsVC.swift in Sources */,
				B84ACE2C27AAD8B700B98679 /* AppDelegate.swift in Sources */,
				B84ACE2E27AAD8B700B98679 /* SceneDelegate.swift in Sources */,
				B84ACE6027AAE2A600B98679 /* Simpson.swift in Sources */,
			);
			runOnlyForDeploymentPostprocessing = 0;
		};
		B84ACE3A27AAD8BA00B98679 /* Sources */ = {
			isa = PBXSourcesBuildPhase;
			buildActionMask = 2147483647;
			files = (
				B84ACE4327AAD8BA00B98679 /* SimpsonBookTests.swift in Sources */,
			);
			runOnlyForDeploymentPostprocessing = 0;
		};
		B84ACE4527AAD8BA00B98679 /* Sources */ = {
			isa = PBXSourcesBuildPhase;
			buildActionMask = 2147483647;
			files = (
				B84ACE4E27AAD8BA00B98679 /* SimpsonBookUITests.swift in Sources */,
			);
			runOnlyForDeploymentPostprocessing = 0;
		};
/* End PBXSourcesBuildPhase section */

/* Begin PBXTargetDependency section */
		B84ACE4027AAD8BA00B98679 /* PBXTargetDependency */ = {
			isa = PBXTargetDependency;
			target = B84ACE2727AAD8B700B98679 /* SimpsonBook */;
			targetProxy = B84ACE3F27AAD8BA00B98679 /* PBXContainerItemProxy */;
		};
		B84ACE4B27AAD8BA00B98679 /* PBXTargetDependency */ = {
			isa = PBXTargetDependency;
			target = B84ACE2727AAD8B700B98679 /* SimpsonBook */;
			targetProxy = B84ACE4A27AAD8BA00B98679 /* PBXContainerItemProxy */;
		};
/* End PBXTargetDependency section */

/* Begin PBXVariantGroup section */
		B84ACE3127AAD8B700B98679 /* Main.storyboard */ = {
			isa = PBXVariantGroup;
			children = (
				B84ACE3227AAD8B700B98679 /* Base */,
			);
			name = Main.storyboard;
			sourceTree = "<group>";
		};
		B84ACE3627AAD8BA00B98679 /* LaunchScreen.storyboard */ = {
			isa = PBXVariantGroup;
			children = (
				B84ACE3727AAD8BA00B98679 /* Base */,
			);
			name = LaunchScreen.storyboard;
			sourceTree = "<group>";
		};
/* End PBXVariantGroup section */

/* Begin XCBuildConfiguration section */
		B84ACE5027AAD8BA00B98679 /* Debug */ = {
			isa = XCBuildConfiguration;
			buildSettings = {
				ALWAYS_SEARCH_USER_PATHS = NO;
				CLANG_ANALYZER_NONNULL = YES;
				CLANG_ANALYZER_NUMBER_OBJECT_CONVERSION = YES_AGGRESSIVE;
				CLANG_CXX_LANGUAGE_STANDARD = "gnu++14";
				CLANG_CXX_LIBRARY = "libc++";
				CLANG_ENABLE_MODULES = YES;
				CLANG_ENABLE_OBJC_ARC = YES;
				CLANG_ENABLE_OBJC_WEAK = YES;
				CLANG_WARN_BLOCK_CAPTURE_AUTORELEASING = YES;
				CLANG_WARN_BOOL_CONVERSION = YES;
				CLANG_WARN_COMMA = YES;
				CLANG_WARN_CONSTANT_CONVERSION = YES;
				CLANG_WARN_DEPRECATED_OBJC_IMPLEMENTATIONS = YES;
				CLANG_WARN_DIRECT_OBJC_ISA_USAGE = YES_ERROR;
				CLANG_WARN_DOCUMENTATION_COMMENTS = YES;
				CLANG_WARN_EMPTY_BODY = YES;
				CLANG_WARN_ENUM_CONVERSION = YES;
				CLANG_WARN_INFINITE_RECURSION = YES;
				CLANG_WARN_INT_CONVERSION = YES;
				CLANG_WARN_NON_LITERAL_NULL_CONVERSION = YES;
				CLANG_WARN_OBJC_IMPLICIT_RETAIN_SELF = YES;
				CLANG_WARN_OBJC_LITERAL_CONVERSION = YES;
				CLANG_WARN_OBJC_ROOT_CLASS = YES_ERROR;
				CLANG_WARN_RANGE_LOOP_ANALYSIS = YES;
				CLANG_WARN_STRICT_PROTOTYPES = YES;
				CLANG_WARN_SUSPICIOUS_MOVE = YES;
				CLANG_WARN_UNGUARDED_AVAILABILITY = YES_AGGRESSIVE;
				CLANG_WARN_UNREACHABLE_CODE = YES;
				CLANG_WARN__DUPLICATE_METHOD_MATCH = YES;
				COPY_PHASE_STRIP = NO;
				DEBUG_INFORMATION_FORMAT = dwarf;
				ENABLE_STRICT_OBJC_MSGSEND = YES;
				ENABLE_TESTABILITY = YES;
				GCC_C_LANGUAGE_STANDARD = gnu11;
				GCC_DYNAMIC_NO_PIC = NO;
				GCC_NO_COMMON_BLOCKS = YES;
				GCC_OPTIMIZATION_LEVEL = 0;
				GCC_PREPROCESSOR_DEFINITIONS = (
					"DEBUG=1",
					"$(inherited)",
				);
				GCC_WARN_64_TO_32_BIT_CONVERSION = YES;
				GCC_WARN_ABOUT_RETURN_TYPE = YES_ERROR;
				GCC_WARN_UNDECLARED_SELECTOR = YES;
				GCC_WARN_UNINITIALIZED_AUTOS = YES_AGGRESSIVE;
				GCC_WARN_UNUSED_FUNCTION = YES;
				GCC_WARN_UNUSED_VARIABLE = YES;
				IPHONEOS_DEPLOYMENT_TARGET = 13.1;
				MTL_ENABLE_DEBUG_INFO = INCLUDE_SOURCE;
				MTL_FAST_MATH = YES;
				ONLY_ACTIVE_ARCH = YES;
				SDKROOT = iphoneos;
				SWIFT_ACTIVE_COMPILATION_CONDITIONS = DEBUG;
				SWIFT_OPTIMIZATION_LEVEL = "-Onone";
			};
			name = Debug;
		};
		B84ACE5127AAD8BA00B98679 /* Release */ = {
			isa = XCBuildConfiguration;
			buildSettings = {
				ALWAYS_SEARCH_USER_PATHS = NO;
				CLANG_ANALYZER_NONNULL = YES;
				CLANG_ANALYZER_NUMBER_OBJECT_CONVERSION = YES_AGGRESSIVE;
				CLANG_CXX_LANGUAGE_STANDARD = "gnu++14";
				CLANG_CXX_LIBRARY = "libc++";
				CLANG_ENABLE_MODULES = YES;
				CLANG_ENABLE_OBJC_ARC = YES;
				CLANG_ENABLE_OBJC_WEAK = YES;
				CLANG_WARN_BLOCK_CAPTURE_AUTORELEASING = YES;
				CLANG_WARN_BOOL_CONVERSION = YES;
				CLANG_WARN_COMMA = YES;
				CLANG_WARN_CONSTANT_CONVERSION = YES;
				CLANG_WARN_DEPRECATED_OBJC_IMPLEMENTATIONS = YES;
				CLANG_WARN_DIRECT_OBJC_ISA_USAGE = YES_ERROR;
				CLANG_WARN_DOCUMENTATION_COMMENTS = YES;
				CLANG_WARN_EMPTY_BODY = YES;
				CLANG_WARN_ENUM_CONVERSION = YES;
				CLANG_WARN_INFINITE_RECURSION = YES;
				CLANG_WARN_INT_CONVERSION = YES;
				CLANG_WARN_NON_LITERAL_NULL_CONVERSION = YES;
				CLANG_WARN_OBJC_IMPLICIT_RETAIN_SELF = YES;
				CLANG_WARN_OBJC_LITERAL_CONVERSION = YES;
				CLANG_WARN_OBJC_ROOT_CLASS = YES_ERROR;
				CLANG_WARN_RANGE_LOOP_ANALYSIS = YES;
				CLANG_WARN_STRICT_PROTOTYPES = YES;
				CLANG_WARN_SUSPICIOUS_MOVE = YES;
				CLANG_WARN_UNGUARDED_AVAILABILITY = YES_AGGRESSIVE;
				CLANG_WARN_UNREACHABLE_CODE = YES;
				CLANG_WARN__DUPLICATE_METHOD_MATCH = YES;
				COPY_PHASE_STRIP = NO;
				DEBUG_INFORMATION_FORMAT = "dwarf-with-dsym";
				ENABLE_NS_ASSERTIONS = NO;
				ENABLE_STRICT_OBJC_MSGSEND = YES;
				GCC_C_LANGUAGE_STANDARD = gnu11;
				GCC_NO_COMMON_BLOCKS = YES;
				GCC_WARN_64_TO_32_BIT_CONVERSION = YES;
				GCC_WARN_ABOUT_RETURN_TYPE = YES_ERROR;
				GCC_WARN_UNDECLARED_SELECTOR = YES;
				GCC_WARN_UNINITIALIZED_AUTOS = YES_AGGRESSIVE;
				GCC_WARN_UNUSED_FUNCTION = YES;
				GCC_WARN_UNUSED_VARIABLE = YES;
				IPHONEOS_DEPLOYMENT_TARGET = 13.1;
				MTL_ENABLE_DEBUG_INFO = NO;
				MTL_FAST_MATH = YES;
				SDKROOT = iphoneos;
				SWIFT_COMPILATION_MODE = wholemodule;
				SWIFT_OPTIMIZATION_LEVEL = "-O";
				VALIDATE_PRODUCT = YES;
			};
			name = Release;
		};
		B84ACE5327AAD8BA00B98679 /* Debug */ = {
			isa = XCBuildConfiguration;
			buildSettings = {
				ASSETCATALOG_COMPILER_APPICON_NAME = AppIcon;
				CODE_SIGN_STYLE = Automatic;
				DEVELOPMENT_TEAM = Y3VBH47ZG2;
				INFOPLIST_FILE = SimpsonBook/Info.plist;
				LD_RUNPATH_SEARCH_PATHS = (
					"$(inherited)",
					"@executable_path/Frameworks",
				);
				PRODUCT_BUNDLE_IDENTIFIER = MS.SimpsonBook;
				PRODUCT_NAME = "$(TARGET_NAME)";
				SWIFT_VERSION = 5.0;
				TARGETED_DEVICE_FAMILY = "1,2";
			};
			name = Debug;
		};
		B84ACE5427AAD8BA00B98679 /* Release */ = {
			isa = XCBuildConfiguration;
			buildSettings = {
				ASSETCATALOG_COMPILER_APPICON_NAME = AppIcon;
				CODE_SIGN_STYLE = Automatic;
				DEVELOPMENT_TEAM = Y3VBH47ZG2;
				INFOPLIST_FILE = SimpsonBook/Info.plist;
				LD_RUNPATH_SEARCH_PATHS = (
					"$(inherited)",
					"@executable_path/Frameworks",
				);
				PRODUCT_BUNDLE_IDENTIFIER = MS.SimpsonBook;
				PRODUCT_NAME = "$(TARGET_NAME)";
				SWIFT_VERSION = 5.0;
				TARGETED_DEVICE_FAMILY = "1,2";
			};
			name = Release;
		};
		B84ACE5627AAD8BA00B98679 /* Debug */ = {
			isa = XCBuildConfiguration;
			buildSettings = {
				ALWAYS_EMBED_SWIFT_STANDARD_LIBRARIES = YES;
				BUNDLE_LOADER = "$(TEST_HOST)";
				CODE_SIGN_STYLE = Automatic;
				DEVELOPMENT_TEAM = Y3VBH47ZG2;
				INFOPLIST_FILE = SimpsonBookTests/Info.plist;
				IPHONEOS_DEPLOYMENT_TARGET = 13.1;
				LD_RUNPATH_SEARCH_PATHS = (
					"$(inherited)",
					"@executable_path/Frameworks",
					"@loader_path/Frameworks",
				);
				PRODUCT_BUNDLE_IDENTIFIER = MS.SimpsonBookTests;
				PRODUCT_NAME = "$(TARGET_NAME)";
				SWIFT_VERSION = 5.0;
				TARGETED_DEVICE_FAMILY = "1,2";
				TEST_HOST = "$(BUILT_PRODUCTS_DIR)/SimpsonBook.app/SimpsonBook";
			};
			name = Debug;
		};
		B84ACE5727AAD8BA00B98679 /* Release */ = {
			isa = XCBuildConfiguration;
			buildSettings = {
				ALWAYS_EMBED_SWIFT_STANDARD_LIBRARIES = YES;
				BUNDLE_LOADER = "$(TEST_HOST)";
				CODE_SIGN_STYLE = Automatic;
				DEVELOPMENT_TEAM = Y3VBH47ZG2;
				INFOPLIST_FILE = SimpsonBookTests/Info.plist;
				IPHONEOS_DEPLOYMENT_TARGET = 13.1;
				LD_RUNPATH_SEARCH_PATHS = (
					"$(inherited)",
					"@executable_path/Frameworks",
					"@loader_path/Frameworks",
				);
				PRODUCT_BUNDLE_IDENTIFIER = MS.SimpsonBookTests;
				PRODUCT_NAME = "$(TARGET_NAME)";
				SWIFT_VERSION = 5.0;
				TARGETED_DEVICE_FAMILY = "1,2";
				TEST_HOST = "$(BUILT_PRODUCTS_DIR)/SimpsonBook.app/SimpsonBook";
			};
			name = Release;
		};
		B84ACE5927AAD8BA00B98679 /* Debug */ = {
			isa = XCBuildConfiguration;
			buildSettings = {
				ALWAYS_EMBED_SWIFT_STANDARD_LIBRARIES = YES;
				CODE_SIGN_STYLE = Automatic;
				DEVELOPMENT_TEAM = Y3VBH47ZG2;
				INFOPLIST_FILE = SimpsonBookUITests/Info.plist;
				LD_RUNPATH_SEARCH_PATHS = (
					"$(inherited)",
					"@executable_path/Frameworks",
					"@loader_path/Frameworks",
				);
				PRODUCT_BUNDLE_IDENTIFIER = MS.SimpsonBookUITests;
				PRODUCT_NAME = "$(TARGET_NAME)";
				SWIFT_VERSION = 5.0;
				TARGETED_DEVICE_FAMILY = "1,2";
				TEST_TARGET_NAME = SimpsonBook;
			};
			name = Debug;
		};
		B84ACE5A27AAD8BA00B98679 /* Release */ = {
			isa = XCBuildConfiguration;
			buildSettings = {
				ALWAYS_EMBED_SWIFT_STANDARD_LIBRARIES = YES;
				CODE_SIGN_STYLE = Automatic;
				DEVELOPMENT_TEAM = Y3VBH47ZG2;
				INFOPLIST_FILE = SimpsonBookUITests/Info.plist;
				LD_RUNPATH_SEARCH_PATHS = (
					"$(inherited)",
					"@executable_path/Frameworks",
					"@loader_path/Frameworks",
				);
				PRODUCT_BUNDLE_IDENTIFIER = MS.SimpsonBookUITests;
				PRODUCT_NAME = "$(TARGET_NAME)";
				SWIFT_VERSION = 5.0;
				TARGETED_DEVICE_FAMILY = "1,2";
				TEST_TARGET_NAME = SimpsonBook;
			};
			name = Release;
		};
/* End XCBuildConfiguration section */

/* Begin XCConfigurationList section */
		B84ACE2327AAD8B700B98679 /* Build configuration list for PBXProject "SimpsonBook" */ = {
			isa = XCConfigurationList;
			buildConfigurations = (
				B84ACE5027AAD8BA00B98679 /* Debug */,
				B84ACE5127AAD8BA00B98679 /* Release */,
			);
			defaultConfigurationIsVisible = 0;
			defaultConfigurationName = Release;
		};
		B84ACE5227AAD8BA00B98679 /* Build configuration list for PBXNativeTarget "SimpsonBook" */ = {
			isa = XCConfigurationList;
			buildConfigurations = (
				B84ACE5327AAD8BA00B98679 /* Debug */,
				B84ACE5427AAD8BA00B98679 /* Release */,
			);
			defaultConfigurationIsVisible = 0;
			defaultConfigurationName = Release;
		};
		B84ACE5527AAD8BA00B98679 /* Build configuration list for PBXNativeTarget "SimpsonBookTests" */ = {
			isa = XCConfigurationList;
			buildConfigurations = (
				B84ACE5627AAD8BA00B98679 /* Debug */,
				B84ACE5727AAD8BA00B98679 /* Release */,
			);
			defaultConfigurationIsVisible = 0;
			defaultConfigurationName = Release;
		};
		B84ACE5827AAD8BA00B98679 /* Build configuration list for PBXNativeTarget "SimpsonBookUITests" */ = {
			isa = XCConfigurationList;
			buildConfigurations = (
				B84ACE5927AAD8BA00B98679 /* Debug */,
				B84ACE5A27AAD8BA00B98679 /* Release */,
			);
			defaultConfigurationIsVisible = 0;
			defaultConfigurationName = Release;
		};
/* End XCConfigurationList section */
	};
	rootObject = B84ACE2027AAD8B700B98679 /* Project object */;
}
